
Microsoft Visual Studio Solution File, Format Version 12.00
# Visual Studio Version 16
VisualStudioVersion = 16.0.29613.14
MinimumVisualStudioVersion = 10.0.40219.1
Project("{2150E333-8FDC-42A3-9474-1A3956D46DE8}") = "src", "src", "{67A7A90B-C7EE-42C9-8065-5904F6AEA0C7}"
EndProject
Project("{FAE04EC0-301F-11D3-BF4B-00C04F79EFBC}") = "Vote", "Vote\Vote.csproj", "{B38677F6-9537-4DD6-816A-BD3C90D677C8}"
EndProject
Global
	GlobalSection(SolutionConfigurationPlatforms) = preSolution
		Debug|Any CPU = Debug|Any CPU
		Release|Any CPU = Release|Any CPU
	EndGlobalSection
	GlobalSection(ProjectConfigurationPlatforms) = postSolution
		{B38677F6-9537-4DD6-816A-BD3C90D677C8}.Debug|Any CPU.ActiveCfg = Debug|Any CPU
		{B38677F6-9537-4DD6-816A-BD3C90D677C8}.Debug|Any CPU.Build.0 = Debug|Any CPU
		{B38677F6-9537-4DD6-816A-BD3C90D677C8}.Release|Any CPU.ActiveCfg = Release|Any CPU
		{B38677F6-9537-4DD6-816A-BD3C90D677C8}.Release|Any CPU.Build.0 = Release|Any CPU
	EndGlobalSection
	GlobalSection(SolutionProperties) = preSolution
		HideSolutionNode = FALSE
	EndGlobalSection
	GlobalSection(NestedProjects) = preSolution
		{B38677F6-9537-4DD6-816A-BD3C90D677C8} = {67A7A90B-C7EE-42C9-8065-5904F6AEA0C7}
	EndGlobalSection
	GlobalSection(ExtensibilityGlobals) = postSolution
		SolutionGuid = {C07246A4-05F7-4B4D-B68E-AC7285C5D9A8}
	EndGlobalSection
EndGlobal
